
Microsoft Visual Studio Solution File, Format Version 12.00
# Visual Studio Version 17
VisualStudioVersion = 17.3.32901.215
MinimumVisualStudioVersion = 10.0.40219.1
Project("{888888A0-9F3D-457C-B088-3A5042F75D52}") = "Pokemon", "Pokemon\Pokemon.pyproj", "{2493579F-8BC2-4A8E-ABD1-E0CBE4392E9D}"
EndProject
Global
	GlobalSection(SolutionConfigurationPlatforms) = preSolution
		Debug|Any CPU = Debug|Any CPU
		Release|Any CPU = Release|Any CPU
	EndGlobalSection
	GlobalSection(ProjectConfigurationPlatforms) = postSolution
		{2493579F-8BC2-4A8E-ABD1-E0CBE4392E9D}.Debug|Any CPU.ActiveCfg = Debug|Any CPU
		{2493579F-8BC2-4A8E-ABD1-E0CBE4392E9D}.Release|Any CPU.ActiveCfg = Release|Any CPU
	EndGlobalSection
	GlobalSection(SolutionProperties) = preSolution
		HideSolutionNode = FALSE
	EndGlobalSection
	GlobalSection(ExtensibilityGlobals) = postSolution
		SolutionGuid = {277F00BB-9DCE-439F-A597-07EB4CB76D99}
	EndGlobalSection
EndGlobal
